
Microsoft Visual Studio Solution File, Format Version 12.00
# Visual Studio Version 17
VisualStudioVersion = 17.7.34202.233
MinimumVisualStudioVersion = 10.0.40219.1
Project("{FAE04EC0-301F-11D3-BF4B-00C04F79EFBC}") = "Shoop.App", "Shoop.App\Shoop.App.csproj", "{05067E45-7D48-4170-AB15-D195F3DD7C6A}"
EndProject
Project("{FAE04EC0-301F-11D3-BF4B-00C04F79EFBC}") = "Shoop.Core", "Shoop.Core\Shoop.Core.csproj", "{D670E6AB-E932-4A57-ACFB-128D2143B71B}"
EndProject
Project("{FAE04EC0-301F-11D3-BF4B-00C04F79EFBC}") = "Shoop.Service", "Shoop.Service\Shoop.Service.csproj", "{05664097-C4B1-43F9-BC6E-850CD2A7A548}"
EndProject
Global
	GlobalSection(SolutionConfigurationPlatforms) = preSolution
		Debug|Any CPU = Debug|Any CPU
		Release|Any CPU = Release|Any CPU
	EndGlobalSection
	GlobalSection(ProjectConfigurationPlatforms) = postSolution
		{05067E45-7D48-4170-AB15-D195F3DD7C6A}.Debug|Any CPU.ActiveCfg = Debug|Any CPU
		{05067E45-7D48-4170-AB15-D195F3DD7C6A}.Debug|Any CPU.Build.0 = Debug|Any CPU
		{05067E45-7D48-4170-AB15-D195F3DD7C6A}.Release|Any CPU.ActiveCfg = Release|Any CPU
		{05067E45-7D48-4170-AB15-D195F3DD7C6A}.Release|Any CPU.Build.0 = Release|Any CPU
		{D670E6AB-E932-4A57-ACFB-128D2143B71B}.Debug|Any CPU.ActiveCfg = Debug|Any CPU
		{D670E6AB-E932-4A57-ACFB-128D2143B71B}.Debug|Any CPU.Build.0 = Debug|Any CPU
		{D670E6AB-E932-4A57-ACFB-128D2143B71B}.Release|Any CPU.ActiveCfg = Release|Any CPU
		{D670E6AB-E932-4A57-ACFB-128D2143B71B}.Release|Any CPU.Build.0 = Release|Any CPU
		{05664097-C4B1-43F9-BC6E-850CD2A7A548}.Debug|Any CPU.ActiveCfg = Debug|Any CPU
		{05664097-C4B1-43F9-BC6E-850CD2A7A548}.Debug|Any CPU.Build.0 = Debug|Any CPU
		{05664097-C4B1-43F9-BC6E-850CD2A7A548}.Release|Any CPU.ActiveCfg = Release|Any CPU
		{05664097-C4B1-43F9-BC6E-850CD2A7A548}.Release|Any CPU.Build.0 = Release|Any CPU
	EndGlobalSection
	GlobalSection(SolutionProperties) = preSolution
		HideSolutionNode = FALSE
	EndGlobalSection
	GlobalSection(ExtensibilityGlobals) = postSolution
		SolutionGuid = {45FCE2A8-6993-401E-89E0-ECE246DF7861}
	EndGlobalSection
EndGlobal
